
Microsoft Visual Studio Solution File, Format Version 12.00
# Visual Studio Version 16
VisualStudioVersion = 16.0.32602.291
MinimumVisualStudioVersion = 10.0.40219.1
Project("{FAE04EC0-301F-11D3-BF4B-00C04F79EFBC}") = "Quest", "Quest\Quest.csproj", "{77116318-DF4F-4751-BEBC-7830A89CF138}"
EndProject
Global
	GlobalSection(SolutionConfigurationPlatforms) = preSolution
		Debug|Any CPU = Debug|Any CPU
		Release|Any CPU = Release|Any CPU
	EndGlobalSection
	GlobalSection(ProjectConfigurationPlatforms) = postSolution
		{77116318-DF4F-4751-BEBC-7830A89CF138}.Debug|Any CPU.ActiveCfg = Debug|Any CPU
		{77116318-DF4F-4751-BEBC-7830A89CF138}.Debug|Any CPU.Build.0 = Debug|Any CPU
		{77116318-DF4F-4751-BEBC-7830A89CF138}.Release|Any CPU.ActiveCfg = Release|Any CPU
		{77116318-DF4F-4751-BEBC-7830A89CF138}.Release|Any CPU.Build.0 = Release|Any CPU
	EndGlobalSection
	GlobalSection(SolutionProperties) = preSolution
		HideSolutionNode = FALSE
	EndGlobalSection
	GlobalSection(ExtensibilityGlobals) = postSolution
		SolutionGuid = {6D40C7AB-29FC-41D2-9861-460B8FE37A71}
	EndGlobalSection
EndGlobal
